
Microsoft Visual Studio Solution File, Format Version 12.00
# Visual Studio Version 17
VisualStudioVersion = 17.8.34408.163
MinimumVisualStudioVersion = 10.0.40219.1
Project("{FAE04EC0-301F-11D3-BF4B-00C04F79EFBC}") = "ProyectoMVC", "ProyectoMVC.csproj", "{9389AAF1-7D3E-4A2C-9349-2D4AB24F5CF4}"
EndProject
Project("{FAE04EC0-301F-11D3-BF4B-00C04F79EFBC}") = "DTO", "..\DTO\DTO.csproj", "{70B86790-EC95-4232-A46F-E04D106CF712}"
EndProject
Global
	GlobalSection(SolutionConfigurationPlatforms) = preSolution
		Debug|Any CPU = Debug|Any CPU
		Release|Any CPU = Release|Any CPU
	EndGlobalSection
	GlobalSection(ProjectConfigurationPlatforms) = postSolution
		{9389AAF1-7D3E-4A2C-9349-2D4AB24F5CF4}.Debug|Any CPU.ActiveCfg = Debug|Any CPU
		{9389AAF1-7D3E-4A2C-9349-2D4AB24F5CF4}.Debug|Any CPU.Build.0 = Debug|Any CPU
		{9389AAF1-7D3E-4A2C-9349-2D4AB24F5CF4}.Release|Any CPU.ActiveCfg = Release|Any CPU
		{9389AAF1-7D3E-4A2C-9349-2D4AB24F5CF4}.Release|Any CPU.Build.0 = Release|Any CPU
		{70B86790-EC95-4232-A46F-E04D106CF712}.Debug|Any CPU.ActiveCfg = Debug|Any CPU
		{70B86790-EC95-4232-A46F-E04D106CF712}.Debug|Any CPU.Build.0 = Debug|Any CPU
		{70B86790-EC95-4232-A46F-E04D106CF712}.Release|Any CPU.ActiveCfg = Release|Any CPU
		{70B86790-EC95-4232-A46F-E04D106CF712}.Release|Any CPU.Build.0 = Release|Any CPU
	EndGlobalSection
	GlobalSection(SolutionProperties) = preSolution
		HideSolutionNode = FALSE
	EndGlobalSection
	GlobalSection(ExtensibilityGlobals) = postSolution
		SolutionGuid = {52ECD5FA-B5B1-48AA-9C66-779CCC2BC51E}
	EndGlobalSection
EndGlobal
